<?xml version="1.0" encoding="utf-8"?>
<Project ToolsVersion="4.0" xmlns="http://schemas.microsoft.com/developer/msbuild/2003">
  <ItemGroup>
    <ClCompile Include="..\..\Source\Engine\Platform\Win\Window.cpp">
      <Filter>Platform</Filter>
    </ClCompile>
    <ClCompile Include="..\..\Source\Engine\Platform\Win\FileManager.cpp">
      <Filter>Platform</Filter>
    </ClCompile>
    <ClCompile Include="..\..\Source\Engine\Platform\Win\Engine.cpp">
      <Filter>Platform</Filter>
    </ClCompile>
    <ClCompile Include="..\..\source\Engine\Common\Draw\Shader.cpp">
      <Filter>Draw</Filter>
    </ClCompile>
    <ClCompile Include="..\..\source\Engine\Common\Object\Mesh.cpp">
      <Filter>Draw</Filter>
    </ClCompile>
    <ClCompile Include="..\..\source\Engine\Common\Draw\Draw.cpp">
      <Filter>Draw</Filter>
    </ClCompile>
    <ClCompile Include="..\..\source\Engine\Common\Draw\Camera.cpp">
      <Filter>Draw</Filter>
    </ClCompile>
    <ClCompile Include="..\..\source\Engine\Common\Common\Help.cpp">
      <Filter>Common</Filter>
    </ClCompile>
  </ItemGroup>
  <ItemGroup>
    <ClInclude Include="..\..\Source\Engine\Game.h" />
    <ClInclude Include="..\..\Source\Engine\Window.h">
      <Filter>Protocol</Filter>
    </ClInclude>
    <ClInclude Include="..\..\Source\Engine\FileManager.h">
      <Filter>Protocol</Filter>
    </ClInclude>
    <ClInclude Include="..\..\Source\Engine\Engine.h">
      <Filter>Protocol</Filter>
    </ClInclude>
    <ClInclude Include="..\..\source\Engine\Common\Draw\Shader.h">
      <Filter>Draw</Filter>
    </ClInclude>
    <ClInclude Include="..\..\source\Engine\Common\Object\Mesh.h">
      <Filter>Draw</Filter>
    </ClInclude>
    <ClInclude Include="..\..\source\Engine\Common\Draw\Draw.h">
      <Filter>Draw</Filter>
    </ClInclude>
    <ClInclude Include="..\..\source\Engine\Common\Draw\Camera.h">
      <Filter>Draw</Filter>
    </ClInclude>
    <ClInclude Include="..\..\source\Engine\Common\Common\Help.h">
      <Filter>Common</Filter>
    </ClInclude>
  </ItemGroup>
  <ItemGroup>
    <Filter Include="Platform">
      <UniqueIdentifier>{7ed0939c-45df-44d5-a90a-dcf7c1daacc5}</UniqueIdentifier>
    </Filter>
    <Filter Include="Protocol">
      <UniqueIdentifier>{5dbe4528-80c0-454c-9688-9536495de099}</UniqueIdentifier>
    </Filter>
    <Filter Include="Draw">
      <UniqueIdentifier>{029c4d46-0222-46b8-bdd6-0513490c2303}</UniqueIdentifier>
    </Filter>
    <Filter Include="Common">
      <UniqueIdentifier>{72287704-6803-4b48-b14a-d8c5ae27f9ce}</UniqueIdentifier>
    </Filter>
  </ItemGroup>
</Project>