<?xml version="1.0" encoding="utf-8"?>
<Project ToolsVersion="4.0" xmlns="http://schemas.microsoft.com/developer/msbuild/2003">
  <ItemGroup>
    <Filter Include="Protocol">
      <UniqueIdentifier>{4ef176bc-258d-4c21-b9fe-e170611cfb83}</UniqueIdentifier>
    </Filter>
    <Filter Include="Common">
      <UniqueIdentifier>{887bfc28-50e7-4f71-b238-c67ab2ebc590}</UniqueIdentifier>
    </Filter>
    <Filter Include="Platform">
      <UniqueIdentifier>{4FC737F1-C7A5-4376-A066-2A32D752A2FF}</UniqueIdentifier>
      <Extensions>cpp;c;cc;cxx;def;odl;idl;hpj;bat;asm;asmx</Extensions>
    </Filter>
    <Filter Include="Common\Draw">
      <UniqueIdentifier>{48ae6c26-db64-4587-a321-1e7fd545585e}</UniqueIdentifier>
    </Filter>
    <Filter Include="Common\Object">
      <UniqueIdentifier>{acb77631-9f37-4157-9b1c-a5a85b8c5752}</UniqueIdentifier>
    </Filter>
    <Filter Include="Common\Common">
      <UniqueIdentifier>{8cd7174f-6b2f-4e5f-8d28-411b1acb4f77}</UniqueIdentifier>
    </Filter>
  </ItemGroup>
  <ItemGroup>
    <ClInclude Include="..\..\Source\Engine\Window.h">
      <Filter>Platform</Filter>
    </ClInclude>
    <ClInclude Include="..\..\Source\Engine\Engine.h">
      <Filter>Platform</Filter>
    </ClInclude>
    <ClInclude Include="..\..\Source\Engine\Game.h">
      <Filter>Protocol</Filter>
    </ClInclude>
    <ClInclude Include="..\..\source\Engine\Common\Draw\Draw.h">
      <Filter>Common\Draw</Filter>
    </ClInclude>
    <ClInclude Include="..\..\source\Engine\Common\Draw\Shader.h">
      <Filter>Common\Draw</Filter>
    </ClInclude>
    <ClInclude Include="..\..\Source\Engine\FileManager.h">
      <Filter>Platform</Filter>
    </ClInclude>
    <ClInclude Include="..\..\source\Engine\Common\Object\Mesh.h">
      <Filter>Common\Object</Filter>
    </ClInclude>
    <ClInclude Include="..\..\source\Engine\Common\Common\Help.h">
      <Filter>Common\Common</Filter>
    </ClInclude>
  </ItemGroup>
  <ItemGroup>
    <ClCompile Include="..\..\Source\Engine\Platform\Win\Window.cpp">
      <Filter>Platform</Filter>
    </ClCompile>
    <ClCompile Include="..\..\Source\Engine\Platform\Win\Engine.cpp">
      <Filter>Platform</Filter>
    </ClCompile>
    <ClCompile Include="..\..\source\Engine\Common\Draw\Draw.cpp">
      <Filter>Common\Draw</Filter>
    </ClCompile>
    <ClCompile Include="..\..\source\Engine\Common\Draw\Shader.cpp">
      <Filter>Common\Draw</Filter>
    </ClCompile>
    <ClCompile Include="..\..\Source\Engine\Platform\Win\FileManager.cpp">
      <Filter>Platform</Filter>
    </ClCompile>
    <ClCompile Include="..\..\source\Engine\Common\Object\Mesh.cpp">
      <Filter>Common\Object</Filter>
    </ClCompile>
    <ClCompile Include="..\..\source\Engine\Common\Common\Help.cpp">
      <Filter>Common\Common</Filter>
    </ClCompile>
  </ItemGroup>
</Project>