<?xml version="1.0" encoding="utf-8"?>
<Project ToolsVersion="4.0" xmlns="http://schemas.microsoft.com/developer/msbuild/2003">
  <ItemGroup>
    <ClCompile Include="..\..\Source\Engine\Platform\Win\Window.cpp">
      <Filter>Platform</Filter>
    </ClCompile>
    <ClCompile Include="..\..\Source\Engine\Platform\Win\FileManager.cpp">
      <Filter>Platform</Filter>
    </ClCompile>
    <ClCompile Include="..\..\Source\Engine\Platform\Win\Engine.cpp">
      <Filter>Platform</Filter>
    </ClCompile>
    <ClCompile Include="..\..\source\Engine\Common\Help.cpp">
      <Filter>Common</Filter>
    </ClCompile>
    <ClCompile Include="..\..\source\Engine\Draw\Camera.cpp">
      <Filter>Draw</Filter>
    </ClCompile>
    <ClCompile Include="..\..\source\Engine\Draw\Draw.cpp">
      <Filter>Draw</Filter>
    </ClCompile>
    <ClCompile Include="..\..\source\Engine\Draw\Shader.cpp">
      <Filter>Draw</Filter>
    </ClCompile>
    <ClCompile Include="..\..\source\Engine\Object\Mesh.cpp">
      <Filter>Object</Filter>
    </ClCompile>
    <ClCompile Include="..\..\source\Engine\Callback\Callback.cpp">
      <Filter>Callback</Filter>
    </ClCompile>
    <ClCompile Include="..\..\source\Engine\Object\Model.cpp">
      <Filter>Object</Filter>
    </ClCompile>
    <ClCompile Include="..\..\source\Engine\Object\Object.cpp">
      <Filter>Object</Filter>
    </ClCompile>
    <ClCompile Include="..\..\source\Engine\Object\Shape.cpp">
      <Filter>Object</Filter>
    </ClCompile>
    <ClCompile Include="..\..\source\Engine\Object\Glider.cpp">
      <Filter>Object</Filter>
    </ClCompile>
    <ClCompile Include="..\..\source\Engine\Object\Map.cpp">
      <Filter>Object</Filter>
    </ClCompile>
    <ClCompile Include="..\..\source\Engine\Object\Texture.cpp">
      <Filter>Object</Filter>
    </ClCompile>
  </ItemGroup>
  <ItemGroup>
    <ClInclude Include="..\..\Source\Engine\Window.h">
      <Filter>Classes</Filter>
    </ClInclude>
    <ClInclude Include="..\..\Source\Engine\FileManager.h">
      <Filter>Classes</Filter>
    </ClInclude>
    <ClInclude Include="..\..\Source\Engine\Engine.h">
      <Filter>Classes</Filter>
    </ClInclude>
    <ClInclude Include="..\..\source\Engine\Common\Help.h">
      <Filter>Common</Filter>
    </ClInclude>
    <ClInclude Include="..\..\source\Engine\Draw\Camera.h">
      <Filter>Draw</Filter>
    </ClInclude>
    <ClInclude Include="..\..\source\Engine\Draw\Draw.h">
      <Filter>Draw</Filter>
    </ClInclude>
    <ClInclude Include="..\..\source\Engine\Draw\Shader.h">
      <Filter>Draw</Filter>
    </ClInclude>
    <ClInclude Include="..\..\Source\Engine\Game.h">
      <Filter>Classes</Filter>
    </ClInclude>
    <ClInclude Include="..\..\source\Engine\Object\Mesh.h">
      <Filter>Object</Filter>
    </ClInclude>
    <ClInclude Include="..\..\source\Engine\Common\DataClass.h">
      <Filter>Common</Filter>
    </ClInclude>
    <ClInclude Include="..\..\source\Engine\Callback\Callback.h">
      <Filter>Callback</Filter>
    </ClInclude>
    <ClInclude Include="..\..\source\Engine\Object\Model.h">
      <Filter>Object</Filter>
    </ClInclude>
    <ClInclude Include="..\..\source\Engine\Object\Object.h">
      <Filter>Object</Filter>
    </ClInclude>
    <ClInclude Include="..\..\source\Engine\Object\Shape.h">
      <Filter>Object</Filter>
    </ClInclude>
    <ClInclude Include="..\..\source\Engine\Object\Glider.h">
      <Filter>Object</Filter>
    </ClInclude>
    <ClInclude Include="..\..\source\Engine\Object\Map.h">
      <Filter>Object</Filter>
    </ClInclude>
    <ClInclude Include="..\..\source\Engine\Object\Texture.h">
      <Filter>Object</Filter>
    </ClInclude>
    <ClInclude Include="..\..\source\Engine\Callback\CallbackEvent.h">
      <Filter>Callback</Filter>
    </ClInclude>
  </ItemGroup>
  <ItemGroup>
    <Filter Include="Platform">
      <UniqueIdentifier>{7ed0939c-45df-44d5-a90a-dcf7c1daacc5}</UniqueIdentifier>
    </Filter>
    <Filter Include="Draw">
      <UniqueIdentifier>{029c4d46-0222-46b8-bdd6-0513490c2303}</UniqueIdentifier>
    </Filter>
    <Filter Include="Common">
      <UniqueIdentifier>{72287704-6803-4b48-b14a-d8c5ae27f9ce}</UniqueIdentifier>
    </Filter>
    <Filter Include="Object">
      <UniqueIdentifier>{596de9e4-90ca-4949-96d2-7625a9d0c1bf}</UniqueIdentifier>
    </Filter>
    <Filter Include="Classes">
      <UniqueIdentifier>{5dbe4528-80c0-454c-9688-9536495de099}</UniqueIdentifier>
    </Filter>
    <Filter Include="Callback">
      <UniqueIdentifier>{10bce38e-1c7c-456f-9d53-07f7492ab1b6}</UniqueIdentifier>
    </Filter>
  </ItemGroup>
</Project>