<?xml version="1.0" encoding="utf-8"?>
<Project ToolsVersion="4.0" xmlns="http://schemas.microsoft.com/developer/msbuild/2003">
  <ItemGroup>
    <Filter Include="Source">
      <UniqueIdentifier>{1ccafab3-0e8c-481a-a5ba-15d15d70470f}</UniqueIdentifier>
    </Filter>
    <Filter Include="Source\Evolution">
      <UniqueIdentifier>{4FC737F1-C7A5-4376-A066-2A32D752A2FF}</UniqueIdentifier>
      <Extensions>cpp;c;cc;cxx;def;odl;idl;hpj;bat;asm;asmx</Extensions>
    </Filter>
    <Filter Include="Source\Examples">
      <UniqueIdentifier>{e93b06e1-2ef1-4d5c-92af-2545ecf23dd6}</UniqueIdentifier>
    </Filter>
    <Filter Include="Source\Examples\GenerateShape">
      <UniqueIdentifier>{5b590695-96f8-4283-ab2c-72c0d31b40b4}</UniqueIdentifier>
    </Filter>
    <Filter Include="Source\Examples\GenerateShape\Cells">
      <UniqueIdentifier>{6b3eec86-685b-4ef8-8336-7cd64b5e423e}</UniqueIdentifier>
    </Filter>
  </ItemGroup>
  <ItemGroup>
    <ClInclude Include="..\..\Source\Game\Evolution\Evolution.h">
      <Filter>Source\Evolution</Filter>
    </ClInclude>
    <ClInclude Include="..\..\source\Game\Examples\MapExample.h">
      <Filter>Source\Examples</Filter>
    </ClInclude>
    <ClInclude Include="..\..\source\Game\GamesManager.h">
      <Filter>Source</Filter>
    </ClInclude>
    <ClInclude Include="..\..\source\Game\Examples\GenerateShape\TriangleExample.h">
      <Filter>Source\Examples\GenerateShape</Filter>
    </ClInclude>
    <ClInclude Include="..\..\source\Game\Examples\GenerateShape\Microbe.h">
      <Filter>Source\Examples\GenerateShape</Filter>
    </ClInclude>
    <ClInclude Include="..\..\source\Game\Examples\GenerateShape\DNA.h">
      <Filter>Source\Examples\GenerateShape</Filter>
    </ClInclude>
    <ClInclude Include="..\..\source\Game\Examples\GenerateShape\MicrobeMover.h">
      <Filter>Source\Examples\GenerateShape\Cells</Filter>
    </ClInclude>
    <ClInclude Include="..\..\source\Game\Examples\GenerateShape\MicrobeMouth.h">
      <Filter>Source\Examples\GenerateShape\Cells</Filter>
    </ClInclude>
    <ClInclude Include="..\..\source\Game\Examples\GenerateShape\MicrobeEnergy.h">
      <Filter>Source\Examples\GenerateShape\Cells</Filter>
    </ClInclude>
    <ClInclude Include="..\..\source\Game\Examples\GenerateShape\MicrobeBrain.h">
      <Filter>Source\Examples\GenerateShape\Cells</Filter>
    </ClInclude>
  </ItemGroup>
  <ItemGroup>
    <ClCompile Include="..\..\Source\Game\Evolution\Evolution.cpp">
      <Filter>Source\Evolution</Filter>
    </ClCompile>
    <ClCompile Include="..\..\source\Game\Examples\MapExample.cpp">
      <Filter>Source\Examples</Filter>
    </ClCompile>
    <ClCompile Include="..\..\source\Game\Examples\GenerateShape\TriangleExample.cpp">
      <Filter>Source\Examples\GenerateShape</Filter>
    </ClCompile>
    <ClCompile Include="..\..\source\Game\Examples\GenerateShape\Microbe.cpp">
      <Filter>Source\Examples\GenerateShape</Filter>
    </ClCompile>
    <ClCompile Include="..\..\source\Game\Examples\GenerateShape\DNA.cpp">
      <Filter>Source\Examples\GenerateShape</Filter>
    </ClCompile>
    <ClCompile Include="..\..\source\Game\Examples\GenerateShape\MicrobeMover.cpp">
      <Filter>Source\Examples\GenerateShape\Cells</Filter>
    </ClCompile>
    <ClCompile Include="..\..\source\Game\Examples\GenerateShape\MicrobeMouth.cpp">
      <Filter>Source\Examples\GenerateShape\Cells</Filter>
    </ClCompile>
    <ClCompile Include="..\..\source\Game\Examples\GenerateShape\MicrobeEnergy.cpp">
      <Filter>Source\Examples\GenerateShape\Cells</Filter>
    </ClCompile>
    <ClCompile Include="..\..\source\Game\Examples\GenerateShape\MicrobeBrain.cpp">
      <Filter>Source\Examples\GenerateShape\Cells</Filter>
    </ClCompile>
  </ItemGroup>
</Project>