<?xml version="1.0" encoding="utf-8"?>
<Project ToolsVersion="4.0" xmlns="http://schemas.microsoft.com/developer/msbuild/2003">
  <ItemGroup>
    <Filter Include="Source">
      <UniqueIdentifier>{1ccafab3-0e8c-481a-a5ba-15d15d70470f}</UniqueIdentifier>
    </Filter>
    <Filter Include="Source\Examples">
      <UniqueIdentifier>{e93b06e1-2ef1-4d5c-92af-2545ecf23dd6}</UniqueIdentifier>
    </Filter>
    <Filter Include="Source\CollisionBall">
      <UniqueIdentifier>{dbe763a0-95e2-4e80-8d6c-b83012cfc37d}</UniqueIdentifier>
    </Filter>
    <Filter Include="Source\Template">
      <UniqueIdentifier>{9c08fd80-84d2-48b0-aa30-2ab078a1a52e}</UniqueIdentifier>
    </Filter>
    <Filter Include="Source\Neurons">
      <UniqueIdentifier>{2362e845-31fa-431d-b9cc-9e636b0ec82e}</UniqueIdentifier>
    </Filter>
    <Filter Include="Source\Neurons\Cells">
      <UniqueIdentifier>{98145acb-bfde-4fb9-8346-3b951a41dc85}</UniqueIdentifier>
    </Filter>
  </ItemGroup>
  <ItemGroup>
    <ClInclude Include="..\..\source\Game\Examples\MapExample.h">
      <Filter>Source\Examples</Filter>
    </ClInclude>
    <ClInclude Include="..\..\source\Game\GamesManager.h">
      <Filter>Source</Filter>
    </ClInclude>
    <ClInclude Include="..\..\source\Game\Templates\TemplateGame.h">
      <Filter>Source\Template</Filter>
    </ClInclude>
    <ClInclude Include="..\..\source\Game\CollisionBall\CollisionBall.h">
      <Filter>Source\CollisionBall</Filter>
    </ClInclude>
    <ClInclude Include="..\..\source\Game\CollisionBall\ObjectMove.h">
      <Filter>Source\CollisionBall</Filter>
    </ClInclude>
    <ClInclude Include="..\..\source\Game\CollisionBall\ObjectMoveWithAI.h">
      <Filter>Source\CollisionBall</Filter>
    </ClInclude>
    <ClInclude Include="..\..\source\Game\CollisionBall\MoveToTarget.h">
      <Filter>Source\CollisionBall</Filter>
    </ClInclude>
    <ClInclude Include="..\..\source\Game\CollisionBall\MoveToTargetClass.h">
      <Filter>Source\CollisionBall</Filter>
    </ClInclude>
    <ClInclude Include="..\..\source\Game\Neurons\NeuronsGame.h">
      <Filter>Source\Neurons</Filter>
    </ClInclude>
    <ClInclude Include="..\..\source\Game\Neurons\Cell.h">
      <Filter>Source\Neurons\Cells</Filter>
    </ClInclude>
    <ClInclude Include="..\..\source\Game\Neurons\CellMove.h">
      <Filter>Source\Neurons\Cells</Filter>
    </ClInclude>
    <ClInclude Include="..\..\source\Game\Neurons\CellBrain.h">
      <Filter>Source\Neurons\Cells</Filter>
    </ClInclude>
    <ClInclude Include="..\..\source\Game\Neurons\Microbe.h">
      <Filter>Source\Neurons</Filter>
    </ClInclude>
  </ItemGroup>
  <ItemGroup>
    <ClCompile Include="..\..\source\Game\Examples\MapExample.cpp">
      <Filter>Source\Examples</Filter>
    </ClCompile>
    <ClCompile Include="..\..\source\Game\Templates\TemplateGame.cpp">
      <Filter>Source\Template</Filter>
    </ClCompile>
    <ClCompile Include="..\..\source\Game\CollisionBall\CollisionBall.cpp">
      <Filter>Source\CollisionBall</Filter>
    </ClCompile>
    <ClCompile Include="..\..\source\Game\CollisionBall\ObjectMove.cpp">
      <Filter>Source\CollisionBall</Filter>
    </ClCompile>
    <ClCompile Include="..\..\source\Game\CollisionBall\ObjectMoveWithAI.cpp">
      <Filter>Source\CollisionBall</Filter>
    </ClCompile>
    <ClCompile Include="..\..\source\Game\CollisionBall\MoveToTarget.cpp">
      <Filter>Source\CollisionBall</Filter>
    </ClCompile>
    <ClCompile Include="..\..\source\Game\CollisionBall\MoveToTargetClass.cpp">
      <Filter>Source\CollisionBall</Filter>
    </ClCompile>
    <ClCompile Include="..\..\source\Game\Neurons\NeuronsGame.cpp">
      <Filter>Source\Neurons</Filter>
    </ClCompile>
    <ClCompile Include="..\..\source\Game\Neurons\CellBrain.cpp">
      <Filter>Source\Neurons\Cells</Filter>
    </ClCompile>
    <ClCompile Include="..\..\source\Game\Neurons\CellMove.cpp">
      <Filter>Source\Neurons\Cells</Filter>
    </ClCompile>
    <ClCompile Include="..\..\source\Game\Neurons\Microbe.cpp">
      <Filter>Source\Neurons</Filter>
    </ClCompile>
  </ItemGroup>
</Project>