<?xml version="1.0" encoding="utf-8"?>
<Project ToolsVersion="4.0" xmlns="http://schemas.microsoft.com/developer/msbuild/2003">
  <ItemGroup>
    <Filter Include="Source">
      <UniqueIdentifier>{4FC737F1-C7A5-4376-A066-2A32D752A2FF}</UniqueIdentifier>
      <Extensions>cpp;c;cc;cxx;def;odl;idl;hpj;bat;asm;asmx</Extensions>
    </Filter>
    <Filter Include="Res">
      <UniqueIdentifier>{d89bbf17-8862-42d6-b7e2-572f87b2a04c}</UniqueIdentifier>
    </Filter>
    <Filter Include="Res\Shaders">
      <UniqueIdentifier>{36b5d65d-6978-4247-8e33-62317d4c1004}</UniqueIdentifier>
    </Filter>
    <Filter Include="Res\Models">
      <UniqueIdentifier>{0119f17a-90d6-4583-bff4-b2c14bbc290a}</UniqueIdentifier>
    </Filter>
    <Filter Include="Res\Map">
      <UniqueIdentifier>{6cb4f6e7-4ac4-4243-b20a-32691d677a1e}</UniqueIdentifier>
    </Filter>
    <Filter Include="Res\Map\Examples">
      <UniqueIdentifier>{23a91cd0-f1df-4498-baa3-a800ba67d85c}</UniqueIdentifier>
    </Filter>
  </ItemGroup>
  <ItemGroup>
    <ClCompile Include="..\..\Source\Projects\Win\main.cpp">
      <Filter>Source</Filter>
    </ClCompile>
  </ItemGroup>
  <ItemGroup>
    <None Include="..\..\source\Res\Map\Examples\MapExample.json">
      <Filter>Res\Map\Examples</Filter>
    </None>
    <None Include="..\..\source\Res\Shaders\Base.frag">
      <Filter>Res\Shaders</Filter>
    </None>
    <None Include="..\..\source\Res\Shaders\Base.vert">
      <Filter>Res\Shaders</Filter>
    </None>
    <None Include="..\..\source\Res\Shaders\TriangleExample.frag">
      <Filter>Res\Shaders</Filter>
    </None>
    <None Include="..\..\source\Res\Shaders\TriangleExample.vert">
      <Filter>Res\Shaders</Filter>
    </None>
    <None Include="..\..\source\Res\Map\Evolution.json">
      <Filter>Res\Map</Filter>
    </None>
    <None Include="..\..\source\App\Setting.json">
      <Filter>Source</Filter>
    </None>
    <None Include="..\..\source\Res\Models\Models.json">
      <Filter>Res\Models</Filter>
    </None>
  </ItemGroup>
  <ItemGroup>
    <Object Include="..\..\source\Res\Models\Box1.obj">
      <Filter>Res\Models</Filter>
    </Object>
    <Object Include="..\..\source\Res\Models\Plane5.obj">
      <Filter>Res\Models</Filter>
    </Object>
    <Object Include="..\..\source\Res\Models\Plane100.obj">
      <Filter>Res\Models</Filter>
    </Object>
    <Object Include="..\..\source\Res\Models\Sphere_01.obj">
      <Filter>Res\Models</Filter>
    </Object>
    <Object Include="..\..\source\Res\Models\Triangle.obj">
      <Filter>Res\Models</Filter>
    </Object>
  </ItemGroup>
</Project>